// !$*UTF8*$!
{
	archiveVersion = 1;
	classes = {
	};
	objectVersion = 56;
	objects = {

/* Begin PBXBuildFile section */
		5413F3D22AD1EF98000603BD /* SettingOptionsViewModel.swift in Sources */ = {isa = PBXBuildFile; fileRef = 5413F3D12AD1EF98000603BD /* SettingOptionsViewModel.swift */; };
		5423FFF92AC7045800327ACC /* RegistrationView.swift in Sources */ = {isa = PBXBuildFile; fileRef = 5423FFF82AC7045800327ACC /* RegistrationView.swift */; };
		5446925B2AD31A2A003183B6 /* ProfileViewModel.swift in Sources */ = {isa = PBXBuildFile; fileRef = 5446925A2AD31A2A003183B6 /* ProfileViewModel.swift */; };
		5446925D2AD336F1003183B6 /* User.swift in Sources */ = {isa = PBXBuildFile; fileRef = 5446925C2AD336F1003183B6 /* User.swift */; };
		544692602AD33F00003183B6 /* CircleProfileImageView.swift in Sources */ = {isa = PBXBuildFile; fileRef = 5446925F2AD33F00003183B6 /* CircleProfileImageView.swift */; };
		549D59F42AC4C1AA00B56F3D /* MessengerApp.swift in Sources */ = {isa = PBXBuildFile; fileRef = 549D59F32AC4C1AA00B56F3D /* MessengerApp.swift */; };
		549D59F62AC4C1AA00B56F3D /* ContentView.swift in Sources */ = {isa = PBXBuildFile; fileRef = 549D59F52AC4C1AA00B56F3D /* ContentView.swift */; };
		549D59F82AC4C1AB00B56F3D /* Assets.xcassets in Resources */ = {isa = PBXBuildFile; fileRef = 549D59F72AC4C1AB00B56F3D /* Assets.xcassets */; };
		549D59FC2AC4C1AB00B56F3D /* Preview Assets.xcassets in Resources */ = {isa = PBXBuildFile; fileRef = 549D59FB2AC4C1AB00B56F3D /* Preview Assets.xcassets */; };
		549D5A0B2AC4C26B00B56F3D /* LoginView.swift in Sources */ = {isa = PBXBuildFile; fileRef = 549D5A0A2AC4C26B00B56F3D /* LoginView.swift */; };
		549F5B172AD68795005EF2E9 /* ContentViewModel.swift in Sources */ = {isa = PBXBuildFile; fileRef = 549F5B162AD68795005EF2E9 /* ContentViewModel.swift */; };
		54A37D0C2AD54B7B00DAD19C /* GoogleService-Info.plist in Resources */ = {isa = PBXBuildFile; fileRef = 54A37D0B2AD54B7B00DAD19C /* GoogleService-Info.plist */; };
		54A37D0F2AD54D8000DAD19C /* FirebaseAnalytics in Frameworks */ = {isa = PBXBuildFile; productRef = 54A37D0E2AD54D8000DAD19C /* FirebaseAnalytics */; };
		54A37D112AD54D8000DAD19C /* FirebaseAnalyticsOnDeviceConversion in Frameworks */ = {isa = PBXBuildFile; productRef = 54A37D102AD54D8000DAD19C /* FirebaseAnalyticsOnDeviceConversion */; };
		54A37D132AD54D8000DAD19C /* FirebaseAnalyticsSwift in Frameworks */ = {isa = PBXBuildFile; productRef = 54A37D122AD54D8000DAD19C /* FirebaseAnalyticsSwift */; };
		54A37D152AD54D8000DAD19C /* FirebaseAnalyticsWithoutAdIdSupport in Frameworks */ = {isa = PBXBuildFile; productRef = 54A37D142AD54D8000DAD19C /* FirebaseAnalyticsWithoutAdIdSupport */; };
		54A37D172AD54D8000DAD19C /* FirebaseAppCheck in Frameworks */ = {isa = PBXBuildFile; productRef = 54A37D162AD54D8000DAD19C /* FirebaseAppCheck */; };
		54A37D192AD54D8000DAD19C /* FirebaseAppDistribution-Beta in Frameworks */ = {isa = PBXBuildFile; productRef = 54A37D182AD54D8000DAD19C /* FirebaseAppDistribution-Beta */; };
		54A37D1B2AD54D8000DAD19C /* FirebaseAuth in Frameworks */ = {isa = PBXBuildFile; productRef = 54A37D1A2AD54D8000DAD19C /* FirebaseAuth */; };
		54A37D1D2AD54D8000DAD19C /* FirebaseAuthCombine-Community in Frameworks */ = {isa = PBXBuildFile; productRef = 54A37D1C2AD54D8000DAD19C /* FirebaseAuthCombine-Community */; };
		54A37D1F2AD54D8000DAD19C /* FirebaseCrashlytics in Frameworks */ = {isa = PBXBuildFile; productRef = 54A37D1E2AD54D8000DAD19C /* FirebaseCrashlytics */; };
		54A37D212AD54D8000DAD19C /* FirebaseDatabase in Frameworks */ = {isa = PBXBuildFile; productRef = 54A37D202AD54D8000DAD19C /* FirebaseDatabase */; };
		54A37D232AD54D8000DAD19C /* FirebaseDatabaseSwift in Frameworks */ = {isa = PBXBuildFile; productRef = 54A37D222AD54D8000DAD19C /* FirebaseDatabaseSwift */; };
		54A37D252AD54D8000DAD19C /* FirebaseDynamicLinks in Frameworks */ = {isa = PBXBuildFile; productRef = 54A37D242AD54D8000DAD19C /* FirebaseDynamicLinks */; };
		54A37D272AD54D8000DAD19C /* FirebaseFirestore in Frameworks */ = {isa = PBXBuildFile; productRef = 54A37D262AD54D8000DAD19C /* FirebaseFirestore */; };
		54A37D292AD54D8000DAD19C /* FirebaseFirestoreCombine-Community in Frameworks */ = {isa = PBXBuildFile; productRef = 54A37D282AD54D8000DAD19C /* FirebaseFirestoreCombine-Community */; };
		54A37D2B2AD54D8000DAD19C /* FirebaseFirestoreSwift in Frameworks */ = {isa = PBXBuildFile; productRef = 54A37D2A2AD54D8000DAD19C /* FirebaseFirestoreSwift */; };
		54A37D2D2AD54D8000DAD19C /* FirebaseFunctions in Frameworks */ = {isa = PBXBuildFile; productRef = 54A37D2C2AD54D8000DAD19C /* FirebaseFunctions */; };
		54A37D2F2AD54D8000DAD19C /* FirebaseFunctionsCombine-Community in Frameworks */ = {isa = PBXBuildFile; productRef = 54A37D2E2AD54D8000DAD19C /* FirebaseFunctionsCombine-Community */; };
		54A37D312AD54D8000DAD19C /* FirebaseInAppMessaging-Beta in Frameworks */ = {isa = PBXBuildFile; productRef = 54A37D302AD54D8000DAD19C /* FirebaseInAppMessaging-Beta */; };
		54A37D332AD54D8000DAD19C /* FirebaseInAppMessagingSwift-Beta in Frameworks */ = {isa = PBXBuildFile; productRef = 54A37D322AD54D8000DAD19C /* FirebaseInAppMessagingSwift-Beta */; };
		54A37D352AD54D8000DAD19C /* FirebaseInstallations in Frameworks */ = {isa = PBXBuildFile; productRef = 54A37D342AD54D8000DAD19C /* FirebaseInstallations */; };
		54A37D372AD54D8000DAD19C /* FirebaseMLModelDownloader in Frameworks */ = {isa = PBXBuildFile; productRef = 54A37D362AD54D8000DAD19C /* FirebaseMLModelDownloader */; };
		54A37D392AD54D8000DAD19C /* FirebaseMessaging in Frameworks */ = {isa = PBXBuildFile; productRef = 54A37D382AD54D8000DAD19C /* FirebaseMessaging */; };
		54A37D3B2AD54D8000DAD19C /* FirebasePerformance in Frameworks */ = {isa = PBXBuildFile; productRef = 54A37D3A2AD54D8000DAD19C /* FirebasePerformance */; };
		54A37D3D2AD54D8000DAD19C /* FirebaseRemoteConfig in Frameworks */ = {isa = PBXBuildFile; productRef = 54A37D3C2AD54D8000DAD19C /* FirebaseRemoteConfig */; };
		54A37D3F2AD54D8000DAD19C /* FirebaseRemoteConfigSwift in Frameworks */ = {isa = PBXBuildFile; productRef = 54A37D3E2AD54D8000DAD19C /* FirebaseRemoteConfigSwift */; };
		54A37D412AD54D8000DAD19C /* FirebaseStorage in Frameworks */ = {isa = PBXBuildFile; productRef = 54A37D402AD54D8000DAD19C /* FirebaseStorage */; };
		54A37D432AD54D8000DAD19C /* FirebaseStorageCombine-Community in Frameworks */ = {isa = PBXBuildFile; productRef = 54A37D422AD54D8000DAD19C /* FirebaseStorageCombine-Community */; };
		54A37D482AD5503800DAD19C /* RegistrationViewModel.swift in Sources */ = {isa = PBXBuildFile; fileRef = 54A37D472AD5503800DAD19C /* RegistrationViewModel.swift */; };
		54A37D4A2AD5504000DAD19C /* LoginViewModel.swift in Sources */ = {isa = PBXBuildFile; fileRef = 54A37D492AD5504000DAD19C /* LoginViewModel.swift */; };
		54A37D4D2AD5508300DAD19C /* AuthService.swift in Sources */ = {isa = PBXBuildFile; fileRef = 54A37D4C2AD5508300DAD19C /* AuthService.swift */; };
		54B99EFD2ACECC0100935AC1 /* InboxView.swift in Sources */ = {isa = PBXBuildFile; fileRef = 54B99EFC2ACECC0100935AC1 /* InboxView.swift */; };
		54B99EFF2ACED3CC00935AC1 /* ActiveNowView.swift in Sources */ = {isa = PBXBuildFile; fileRef = 54B99EFE2ACED3CC00935AC1 /* ActiveNowView.swift */; };
		54B99F022ACED73F00935AC1 /* InboxRowView.swift in Sources */ = {isa = PBXBuildFile; fileRef = 54B99F012ACED73F00935AC1 /* InboxRowView.swift */; };
		54BC27F22AD09E65001BF474 /* NewMessageView.swift in Sources */ = {isa = PBXBuildFile; fileRef = 54BC27F12AD09E65001BF474 /* NewMessageView.swift */; };
		54CE31742AD3F25100D952D7 /* ChatView.swift in Sources */ = {isa = PBXBuildFile; fileRef = 54CE31732AD3F25100D952D7 /* ChatView.swift */; };
		54CE31762AD3FEDC00D952D7 /* ChatMessageCell.swift in Sources */ = {isa = PBXBuildFile; fileRef = 54CE31752AD3FEDC00D952D7 /* ChatMessageCell.swift */; };
		54CE31782AD4055300D952D7 /* ChatBubble.swift in Sources */ = {isa = PBXBuildFile; fileRef = 54CE31772AD4055300D952D7 /* ChatBubble.swift */; };
		54D1242D2AD1E9EE003608AB /* ProfileView.swift in Sources */ = {isa = PBXBuildFile; fileRef = 54D1242C2AD1E9EE003608AB /* ProfileView.swift */; };
		54D1BC472ADDD025002C6E82 /* InboxViewModel.swift in Sources */ = {isa = PBXBuildFile; fileRef = 54D1BC462ADDD025002C6E82 /* InboxViewModel.swift */; };
		54E2FBDF2AD7FB0800402C5D /* UserService.swift in Sources */ = {isa = PBXBuildFile; fileRef = 54E2FBDE2AD7FB0800402C5D /* UserService.swift */; };
/* End PBXBuildFile section */

/* Begin PBXFileReference section */
		5413F3D12AD1EF98000603BD /* SettingOptionsViewModel.swift */ = {isa = PBXFileReference; lastKnownFileType = sourcecode.swift; path = SettingOptionsViewModel.swift; sourceTree = "<group>"; };
		5423FFF82AC7045800327ACC /* RegistrationView.swift */ = {isa = PBXFileReference; lastKnownFileType = sourcecode.swift; path = RegistrationView.swift; sourceTree = "<group>"; };
		5446925A2AD31A2A003183B6 /* ProfileViewModel.swift */ = {isa = PBXFileReference; lastKnownFileType = sourcecode.swift; path = ProfileViewModel.swift; sourceTree = "<group>"; };
		5446925C2AD336F1003183B6 /* User.swift */ = {isa = PBXFileReference; lastKnownFileType = sourcecode.swift; path = User.swift; sourceTree = "<group>"; };
		5446925F2AD33F00003183B6 /* CircleProfileImageView.swift */ = {isa = PBXFileReference; lastKnownFileType = sourcecode.swift; path = CircleProfileImageView.swift; sourceTree = "<group>"; };
		549D59F02AC4C1AA00B56F3D /* Messenger.app */ = {isa = PBXFileReference; explicitFileType = wrapper.application; includeInIndex = 0; path = Messenger.app; sourceTree = BUILT_PRODUCTS_DIR; };
		549D59F32AC4C1AA00B56F3D /* MessengerApp.swift */ = {isa = PBXFileReference; lastKnownFileType = sourcecode.swift; path = MessengerApp.swift; sourceTree = "<group>"; };
		549D59F52AC4C1AA00B56F3D /* ContentView.swift */ = {isa = PBXFileReference; lastKnownFileType = sourcecode.swift; path = ContentView.swift; sourceTree = "<group>"; };
		549D59F72AC4C1AB00B56F3D /* Assets.xcassets */ = {isa = PBXFileReference; lastKnownFileType = folder.assetcatalog; path = Assets.xcassets; sourceTree = "<group>"; };
		549D59F92AC4C1AB00B56F3D /* Messenger.entitlements */ = {isa = PBXFileReference; lastKnownFileType = text.plist.entitlements; path = Messenger.entitlements; sourceTree = "<group>"; };
		549D59FB2AC4C1AB00B56F3D /* Preview Assets.xcassets */ = {isa = PBXFileReference; lastKnownFileType = folder.assetcatalog; path = "Preview Assets.xcassets"; sourceTree = "<group>"; };
		549D5A0A2AC4C26B00B56F3D /* LoginView.swift */ = {isa = PBXFileReference; lastKnownFileType = sourcecode.swift; path = LoginView.swift; sourceTree = "<group>"; };
		549F5B162AD68795005EF2E9 /* ContentViewModel.swift */ = {isa = PBXFileReference; lastKnownFileType = sourcecode.swift; path = ContentViewModel.swift; sourceTree = "<group>"; };
		54A37D0B2AD54B7B00DAD19C /* GoogleService-Info.plist */ = {isa = PBXFileReference; fileEncoding = 4; lastKnownFileType = text.plist.xml; path = "GoogleService-Info.plist"; sourceTree = "<group>"; };
		54A37D472AD5503800DAD19C /* RegistrationViewModel.swift */ = {isa = PBXFileReference; lastKnownFileType = sourcecode.swift; path = RegistrationViewModel.swift; sourceTree = "<group>"; };
		54A37D492AD5504000DAD19C /* LoginViewModel.swift */ = {isa = PBXFileReference; lastKnownFileType = sourcecode.swift; path = LoginViewModel.swift; sourceTree = "<group>"; };
		54A37D4C2AD5508300DAD19C /* AuthService.swift */ = {isa = PBXFileReference; lastKnownFileType = sourcecode.swift; path = AuthService.swift; sourceTree = "<group>"; };
		54B99EFC2ACECC0100935AC1 /* InboxView.swift */ = {isa = PBXFileReference; lastKnownFileType = sourcecode.swift; path = InboxView.swift; sourceTree = "<group>"; };
		54B99EFE2ACED3CC00935AC1 /* ActiveNowView.swift */ = {isa = PBXFileReference; lastKnownFileType = sourcecode.swift; path = ActiveNowView.swift; sourceTree = "<group>"; };
		54B99F012ACED73F00935AC1 /* InboxRowView.swift */ = {isa = PBXFileReference; lastKnownFileType = sourcecode.swift; path = InboxRowView.swift; sourceTree = "<group>"; };
		54BC27F12AD09E65001BF474 /* NewMessageView.swift */ = {isa = PBXFileReference; lastKnownFileType = sourcecode.swift; path = NewMessageView.swift; sourceTree = "<group>"; };
		54CE31732AD3F25100D952D7 /* ChatView.swift */ = {isa = PBXFileReference; lastKnownFileType = sourcecode.swift; path = ChatView.swift; sourceTree = "<group>"; };
		54CE31752AD3FEDC00D952D7 /* ChatMessageCell.swift */ = {isa = PBXFileReference; lastKnownFileType = sourcecode.swift; path = ChatMessageCell.swift; sourceTree = "<group>"; };
		54CE31772AD4055300D952D7 /* ChatBubble.swift */ = {isa = PBXFileReference; lastKnownFileType = sourcecode.swift; path = ChatBubble.swift; sourceTree = "<group>"; };
		54D1242C2AD1E9EE003608AB /* ProfileView.swift */ = {isa = PBXFileReference; lastKnownFileType = sourcecode.swift; path = ProfileView.swift; sourceTree = "<group>"; };
		54D1BC462ADDD025002C6E82 /* InboxViewModel.swift */ = {isa = PBXFileReference; lastKnownFileType = sourcecode.swift; path = InboxViewModel.swift; sourceTree = "<group>"; };
		54E2FBDE2AD7FB0800402C5D /* UserService.swift */ = {isa = PBXFileReference; lastKnownFileType = sourcecode.swift; path = UserService.swift; sourceTree = "<group>"; };
/* End PBXFileReference section */

/* Begin PBXFrameworksBuildPhase section */
		549D59ED2AC4C1AA00B56F3D /* Frameworks */ = {
			isa = PBXFrameworksBuildPhase;
			buildActionMask = 2147483647;
			files = (
				54A37D212AD54D8000DAD19C /* FirebaseDatabase in Frameworks */,
				54A37D2F2AD54D8000DAD19C /* FirebaseFunctionsCombine-Community in Frameworks */,
				54A37D272AD54D8000DAD19C /* FirebaseFirestore in Frameworks */,
				54A37D132AD54D8000DAD19C /* FirebaseAnalyticsSwift in Frameworks */,
				54A37D0F2AD54D8000DAD19C /* FirebaseAnalytics in Frameworks */,
				54A37D112AD54D8000DAD19C /* FirebaseAnalyticsOnDeviceConversion in Frameworks */,
				54A37D372AD54D8000DAD19C /* FirebaseMLModelDownloader in Frameworks */,
				54A37D2B2AD54D8000DAD19C /* FirebaseFirestoreSwift in Frameworks */,
				54A37D172AD54D8000DAD19C /* FirebaseAppCheck in Frameworks */,
				54A37D152AD54D8000DAD19C /* FirebaseAnalyticsWithoutAdIdSupport in Frameworks */,
				54A37D1B2AD54D8000DAD19C /* FirebaseAuth in Frameworks */,
				54A37D1F2AD54D8000DAD19C /* FirebaseCrashlytics in Frameworks */,
				54A37D3F2AD54D8000DAD19C /* FirebaseRemoteConfigSwift in Frameworks */,
				54A37D312AD54D8000DAD19C /* FirebaseInAppMessaging-Beta in Frameworks */,
				54A37D232AD54D8000DAD19C /* FirebaseDatabaseSwift in Frameworks */,
				54A37D2D2AD54D8000DAD19C /* FirebaseFunctions in Frameworks */,
				54A37D432AD54D8000DAD19C /* FirebaseStorageCombine-Community in Frameworks */,
				54A37D3D2AD54D8000DAD19C /* FirebaseRemoteConfig in Frameworks */,
				54A37D192AD54D8000DAD19C /* FirebaseAppDistribution-Beta in Frameworks */,
				54A37D1D2AD54D8000DAD19C /* FirebaseAuthCombine-Community in Frameworks */,
				54A37D3B2AD54D8000DAD19C /* FirebasePerformance in Frameworks */,
				54A37D332AD54D8000DAD19C /* FirebaseInAppMessagingSwift-Beta in Frameworks */,
				54A37D412AD54D8000DAD19C /* FirebaseStorage in Frameworks */,
				54A37D252AD54D8000DAD19C /* FirebaseDynamicLinks in Frameworks */,
				54A37D292AD54D8000DAD19C /* FirebaseFirestoreCombine-Community in Frameworks */,
				54A37D392AD54D8000DAD19C /* FirebaseMessaging in Frameworks */,
				54A37D352AD54D8000DAD19C /* FirebaseInstallations in Frameworks */,
			);
			runOnlyForDeploymentPostprocessing = 0;
		};
/* End PBXFrameworksBuildPhase section */

/* Begin PBXGroup section */
		5446925E2AD33EE7003183B6 /* Components */ = {
			isa = PBXGroup;
			children = (
				5446925F2AD33F00003183B6 /* CircleProfileImageView.swift */,
			);
			path = Components;
			sourceTree = "<group>";
		};
		549D59E72AC4C1AA00B56F3D = {
			isa = PBXGroup;
			children = (
				549D59F22AC4C1AA00B56F3D /* Messenger */,
				549D59F12AC4C1AA00B56F3D /* Products */,
			);
			sourceTree = "<group>";
		};
		549D59F12AC4C1AA00B56F3D /* Products */ = {
			isa = PBXGroup;
			children = (
				549D59F02AC4C1AA00B56F3D /* Messenger.app */,
			);
			name = Products;
			sourceTree = "<group>";
		};
		549D59F22AC4C1AA00B56F3D /* Messenger */ = {
			isa = PBXGroup;
			children = (
				549D5A062AC4C1C200B56F3D /* App */,
				549D5A052AC4C1C100B56F3D /* Core */,
				549D5A042AC4C1BF00B56F3D /* Extension */,
				549D5A032AC4C1BE00B56F3D /* Model */,
				549D5A022AC4C1BC00B56F3D /* Service */,
				549D59F72AC4C1AB00B56F3D /* Assets.xcassets */,
				54A37D0B2AD54B7B00DAD19C /* GoogleService-Info.plist */,
				549D59F92AC4C1AB00B56F3D /* Messenger.entitlements */,
				549D59FA2AC4C1AB00B56F3D /* Preview Content */,
			);
			path = Messenger;
			sourceTree = "<group>";
		};
		549D59FA2AC4C1AB00B56F3D /* Preview Content */ = {
			isa = PBXGroup;
			children = (
				549D59FB2AC4C1AB00B56F3D /* Preview Assets.xcassets */,
			);
			path = "Preview Content";
			sourceTree = "<group>";
		};
		549D5A022AC4C1BC00B56F3D /* Service */ = {
			isa = PBXGroup;
			children = (
				54E2FBDE2AD7FB0800402C5D /* UserService.swift */,
			);
			path = Service;
			sourceTree = "<group>";
		};
		549D5A032AC4C1BE00B56F3D /* Model */ = {
			isa = PBXGroup;
			children = (
				5446925C2AD336F1003183B6 /* User.swift */,
			);
			path = Model;
			sourceTree = "<group>";
		};
		549D5A042AC4C1BF00B56F3D /* Extension */ = {
			isa = PBXGroup;
			children = (
			);
			path = Extension;
			sourceTree = "<group>";
		};
		549D5A052AC4C1C100B56F3D /* Core */ = {
			isa = PBXGroup;
			children = (
				549D5A072AC4C21700B56F3D /* Authentication */,
				54CE31722AD3F21200D952D7 /* Chat */,
				5446925E2AD33EE7003183B6 /* Components */,
				54B99EFB2ACECBED00935AC1 /* Inbox */,
				54BC27F02AD09E4C001BF474 /* NewMessage */,
				54D124292AD1E9D7003608AB /* Profile */,
				549D5A082AC4C22400B56F3D /* Root */,
			);
			path = Core;
			sourceTree = "<group>";
		};
		549D5A062AC4C1C200B56F3D /* App */ = {
			isa = PBXGroup;
			children = (
				549D59F32AC4C1AA00B56F3D /* MessengerApp.swift */,
			);
			path = App;
			sourceTree = "<group>";
		};
		549D5A072AC4C21700B56F3D /* Authentication */ = {
			isa = PBXGroup;
			children = (
				54A37D452AD5501800DAD19C /* Service */,
				54A37D442AD5500D00DAD19C /* ViewModel */,
				549D5A092AC4C25D00B56F3D /* View */,
			);
			path = Authentication;
			sourceTree = "<group>";
		};
		549D5A082AC4C22400B56F3D /* Root */ = {
			isa = PBXGroup;
			children = (
				549F5B152AD6876C005EF2E9 /* ViewModel */,
				549F5B142AD68767005EF2E9 /* View */,
			);
			path = Root;
			sourceTree = "<group>";
		};
		549D5A092AC4C25D00B56F3D /* View */ = {
			isa = PBXGroup;
			children = (
				549D5A0A2AC4C26B00B56F3D /* LoginView.swift */,
				5423FFF82AC7045800327ACC /* RegistrationView.swift */,
			);
			path = View;
			sourceTree = "<group>";
		};
		549F5B142AD68767005EF2E9 /* View */ = {
			isa = PBXGroup;
			children = (
				549D59F52AC4C1AA00B56F3D /* ContentView.swift */,
			);
			path = View;
			sourceTree = "<group>";
		};
		549F5B152AD6876C005EF2E9 /* ViewModel */ = {
			isa = PBXGroup;
			children = (
				549F5B162AD68795005EF2E9 /* ContentViewModel.swift */,
			);
			path = ViewModel;
			sourceTree = "<group>";
		};
		54A37D442AD5500D00DAD19C /* ViewModel */ = {
			isa = PBXGroup;
			children = (
				54A37D472AD5503800DAD19C /* RegistrationViewModel.swift */,
				54A37D492AD5504000DAD19C /* LoginViewModel.swift */,
			);
			path = ViewModel;
			sourceTree = "<group>";
		};
		54A37D452AD5501800DAD19C /* Service */ = {
			isa = PBXGroup;
			children = (
				54A37D4C2AD5508300DAD19C /* AuthService.swift */,
			);
			path = Service;
			sourceTree = "<group>";
		};
		54B99EFB2ACECBED00935AC1 /* Inbox */ = {
			isa = PBXGroup;
			children = (
				54D1BC432ADDCFF4002C6E82 /* View */,
				54D1BC442ADDCFF8002C6E82 /* ViewModel */,
			);
			path = Inbox;
			sourceTree = "<group>";
		};
		54BC27F02AD09E4C001BF474 /* NewMessage */ = {
			isa = PBXGroup;
			children = (
				54BC27F12AD09E65001BF474 /* NewMessageView.swift */,
			);
			path = NewMessage;
			sourceTree = "<group>";
		};
		54CE31722AD3F21200D952D7 /* Chat */ = {
			isa = PBXGroup;
			children = (
				54CE31732AD3F25100D952D7 /* ChatView.swift */,
				54CE31752AD3FEDC00D952D7 /* ChatMessageCell.swift */,
				54CE31772AD4055300D952D7 /* ChatBubble.swift */,
			);
			path = Chat;
			sourceTree = "<group>";
		};
		54D124292AD1E9D7003608AB /* Profile */ = {
			isa = PBXGroup;
			children = (
				54D1242B2AD1E9E0003608AB /* ViewModel */,
				54D1242A2AD1E9DD003608AB /* View */,
			);
			path = Profile;
			sourceTree = "<group>";
		};
		54D1242A2AD1E9DD003608AB /* View */ = {
			isa = PBXGroup;
			children = (
				54D1242C2AD1E9EE003608AB /* ProfileView.swift */,
			);
			path = View;
			sourceTree = "<group>";
		};
		54D1242B2AD1E9E0003608AB /* ViewModel */ = {
			isa = PBXGroup;
			children = (
				5413F3D12AD1EF98000603BD /* SettingOptionsViewModel.swift */,
				5446925A2AD31A2A003183B6 /* ProfileViewModel.swift */,
			);
			path = ViewModel;
			sourceTree = "<group>";
		};
		54D1BC432ADDCFF4002C6E82 /* View */ = {
			isa = PBXGroup;
			children = (
				54B99EFC2ACECC0100935AC1 /* InboxView.swift */,
				54B99EFE2ACED3CC00935AC1 /* ActiveNowView.swift */,
				54B99F012ACED73F00935AC1 /* InboxRowView.swift */,
			);
			path = View;
			sourceTree = "<group>";
		};
		54D1BC442ADDCFF8002C6E82 /* ViewModel */ = {
			isa = PBXGroup;
			children = (
				54D1BC462ADDD025002C6E82 /* InboxViewModel.swift */,
			);
			path = ViewModel;
			sourceTree = "<group>";
		};
/* End PBXGroup section */

/* Begin PBXNativeTarget section */
		549D59EF2AC4C1AA00B56F3D /* Messenger */ = {
			isa = PBXNativeTarget;
			buildConfigurationList = 549D59FF2AC4C1AB00B56F3D /* Build configuration list for PBXNativeTarget "Messenger" */;
			buildPhases = (
				549D59EC2AC4C1AA00B56F3D /* Sources */,
				549D59ED2AC4C1AA00B56F3D /* Frameworks */,
				549D59EE2AC4C1AA00B56F3D /* Resources */,
			);
			buildRules = (
			);
			dependencies = (
			);
			name = Messenger;
			packageProductDependencies = (
				54A37D0E2AD54D8000DAD19C /* FirebaseAnalytics */,
				54A37D102AD54D8000DAD19C /* FirebaseAnalyticsOnDeviceConversion */,
				54A37D122AD54D8000DAD19C /* FirebaseAnalyticsSwift */,
				54A37D142AD54D8000DAD19C /* FirebaseAnalyticsWithoutAdIdSupport */,
				54A37D162AD54D8000DAD19C /* FirebaseAppCheck */,
				54A37D182AD54D8000DAD19C /* FirebaseAppDistribution-Beta */,
				54A37D1A2AD54D8000DAD19C /* FirebaseAuth */,
				54A37D1C2AD54D8000DAD19C /* FirebaseAuthCombine-Community */,
				54A37D1E2AD54D8000DAD19C /* FirebaseCrashlytics */,
				54A37D202AD54D8000DAD19C /* FirebaseDatabase */,
				54A37D222AD54D8000DAD19C /* FirebaseDatabaseSwift */,
				54A37D242AD54D8000DAD19C /* FirebaseDynamicLinks */,
				54A37D262AD54D8000DAD19C /* FirebaseFirestore */,
				54A37D282AD54D8000DAD19C /* FirebaseFirestoreCombine-Community */,
				54A37D2A2AD54D8000DAD19C /* FirebaseFirestoreSwift */,
				54A37D2C2AD54D8000DAD19C /* FirebaseFunctions */,
				54A37D2E2AD54D8000DAD19C /* FirebaseFunctionsCombine-Community */,
				54A37D302AD54D8000DAD19C /* FirebaseInAppMessaging-Beta */,
				54A37D322AD54D8000DAD19C /* FirebaseInAppMessagingSwift-Beta */,
				54A37D342AD54D8000DAD19C /* FirebaseInstallations */,
				54A37D362AD54D8000DAD19C /* FirebaseMLModelDownloader */,
				54A37D382AD54D8000DAD19C /* FirebaseMessaging */,
				54A37D3A2AD54D8000DAD19C /* FirebasePerformance */,
				54A37D3C2AD54D8000DAD19C /* FirebaseRemoteConfig */,
				54A37D3E2AD54D8000DAD19C /* FirebaseRemoteConfigSwift */,
				54A37D402AD54D8000DAD19C /* FirebaseStorage */,
				54A37D422AD54D8000DAD19C /* FirebaseStorageCombine-Community */,
			);
			productName = Messenger;
			productReference = 549D59F02AC4C1AA00B56F3D /* Messenger.app */;
			productType = "com.apple.product-type.application";
		};
/* End PBXNativeTarget section */

/* Begin PBXProject section */
		549D59E82AC4C1AA00B56F3D /* Project object */ = {
			isa = PBXProject;
			attributes = {
				BuildIndependentTargetsInParallel = 1;
				LastSwiftUpdateCheck = 1430;
				LastUpgradeCheck = 1430;
				TargetAttributes = {
					549D59EF2AC4C1AA00B56F3D = {
						CreatedOnToolsVersion = 14.3.1;
					};
				};
			};
			buildConfigurationList = 549D59EB2AC4C1AA00B56F3D /* Build configuration list for PBXProject "Messenger" */;
			compatibilityVersion = "Xcode 14.0";
			developmentRegion = en;
			hasScannedForEncodings = 0;
			knownRegions = (
				en,
				Base,
			);
			mainGroup = 549D59E72AC4C1AA00B56F3D;
			packageReferences = (
				54A37D0D2AD54D8000DAD19C /* XCRemoteSwiftPackageReference "firebase-ios-sdk" */,
			);
			productRefGroup = 549D59F12AC4C1AA00B56F3D /* Products */;
			projectDirPath = "";
			projectRoot = "";
			targets = (
				549D59EF2AC4C1AA00B56F3D /* Messenger */,
			);
		};
/* End PBXProject section */

/* Begin PBXResourcesBuildPhase section */
		549D59EE2AC4C1AA00B56F3D /* Resources */ = {
			isa = PBXResourcesBuildPhase;
			buildActionMask = 2147483647;
			files = (
				549D59FC2AC4C1AB00B56F3D /* Preview Assets.xcassets in Resources */,
				549D59F82AC4C1AB00B56F3D /* Assets.xcassets in Resources */,
				54A37D0C2AD54B7B00DAD19C /* GoogleService-Info.plist in Resources */,
			);
			runOnlyForDeploymentPostprocessing = 0;
		};
/* End PBXResourcesBuildPhase section */

/* Begin PBXSourcesBuildPhase section */
		549D59EC2AC4C1AA00B56F3D /* Sources */ = {
			isa = PBXSourcesBuildPhase;
			buildActionMask = 2147483647;
			files = (
				54CE31762AD3FEDC00D952D7 /* ChatMessageCell.swift in Sources */,
				54D1BC472ADDD025002C6E82 /* InboxViewModel.swift in Sources */,
				54A37D482AD5503800DAD19C /* RegistrationViewModel.swift in Sources */,
				54B99F022ACED73F00935AC1 /* InboxRowView.swift in Sources */,
				54D1242D2AD1E9EE003608AB /* ProfileView.swift in Sources */,
				549F5B172AD68795005EF2E9 /* ContentViewModel.swift in Sources */,
				54BC27F22AD09E65001BF474 /* NewMessageView.swift in Sources */,
				549D5A0B2AC4C26B00B56F3D /* LoginView.swift in Sources */,
				54A37D4D2AD5508300DAD19C /* AuthService.swift in Sources */,
				54CE31742AD3F25100D952D7 /* ChatView.swift in Sources */,
				549D59F62AC4C1AA00B56F3D /* ContentView.swift in Sources */,
				54A37D4A2AD5504000DAD19C /* LoginViewModel.swift in Sources */,
				54CE31782AD4055300D952D7 /* ChatBubble.swift in Sources */,
				54B99EFD2ACECC0100935AC1 /* InboxView.swift in Sources */,
				5413F3D22AD1EF98000603BD /* SettingOptionsViewModel.swift in Sources */,
				54E2FBDF2AD7FB0800402C5D /* UserService.swift in Sources */,
				5446925B2AD31A2A003183B6 /* ProfileViewModel.swift in Sources */,
				54B99EFF2ACED3CC00935AC1 /* ActiveNowView.swift in Sources */,
				549D59F42AC4C1AA00B56F3D /* MessengerApp.swift in Sources */,
				544692602AD33F00003183B6 /* CircleProfileImageView.swift in Sources */,
				5446925D2AD336F1003183B6 /* User.swift in Sources */,
				5423FFF92AC7045800327ACC /* RegistrationView.swift in Sources */,
			);
			runOnlyForDeploymentPostprocessing = 0;
		};
/* End PBXSourcesBuildPhase section */

/* Begin XCBuildConfiguration section */
		549D59FD2AC4C1AB00B56F3D /* Debug */ = {
			isa = XCBuildConfiguration;
			buildSettings = {
				ALWAYS_SEARCH_USER_PATHS = NO;
				CLANG_ANALYZER_NONNULL = YES;
				CLANG_ANALYZER_NUMBER_OBJECT_CONVERSION = YES_AGGRESSIVE;
				CLANG_CXX_LANGUAGE_STANDARD = "gnu++20";
				CLANG_ENABLE_MODULES = YES;
				CLANG_ENABLE_OBJC_ARC = YES;
				CLANG_ENABLE_OBJC_WEAK = YES;
				CLANG_WARN_BLOCK_CAPTURE_AUTORELEASING = YES;
				CLANG_WARN_BOOL_CONVERSION = YES;
				CLANG_WARN_COMMA = YES;
				CLANG_WARN_CONSTANT_CONVERSION = YES;
				CLANG_WARN_DEPRECATED_OBJC_IMPLEMENTATIONS = YES;
				CLANG_WARN_DIRECT_OBJC_ISA_USAGE = YES_ERROR;
				CLANG_WARN_DOCUMENTATION_COMMENTS = YES;
				CLANG_WARN_EMPTY_BODY = YES;
				CLANG_WARN_ENUM_CONVERSION = YES;
				CLANG_WARN_INFINITE_RECURSION = YES;
				CLANG_WARN_INT_CONVERSION = YES;
				CLANG_WARN_NON_LITERAL_NULL_CONVERSION = YES;
				CLANG_WARN_OBJC_IMPLICIT_RETAIN_SELF = YES;
				CLANG_WARN_OBJC_LITERAL_CONVERSION = YES;
				CLANG_WARN_OBJC_ROOT_CLASS = YES_ERROR;
				CLANG_WARN_QUOTED_INCLUDE_IN_FRAMEWORK_HEADER = YES;
				CLANG_WARN_RANGE_LOOP_ANALYSIS = YES;
				CLANG_WARN_STRICT_PROTOTYPES = YES;
				CLANG_WARN_SUSPICIOUS_MOVE = YES;
				CLANG_WARN_UNGUARDED_AVAILABILITY = YES_AGGRESSIVE;
				CLANG_WARN_UNREACHABLE_CODE = YES;
				CLANG_WARN__DUPLICATE_METHOD_MATCH = YES;
				COPY_PHASE_STRIP = NO;
				DEBUG_INFORMATION_FORMAT = dwarf;
				ENABLE_STRICT_OBJC_MSGSEND = YES;
				ENABLE_TESTABILITY = YES;
				GCC_C_LANGUAGE_STANDARD = gnu11;
				GCC_DYNAMIC_NO_PIC = NO;
				GCC_NO_COMMON_BLOCKS = YES;
				GCC_OPTIMIZATION_LEVEL = 0;
				GCC_PREPROCESSOR_DEFINITIONS = (
					"DEBUG=1",
					"$(inherited)",
				);
				GCC_WARN_64_TO_32_BIT_CONVERSION = YES;
				GCC_WARN_ABOUT_RETURN_TYPE = YES_ERROR;
				GCC_WARN_UNDECLARED_SELECTOR = YES;
				GCC_WARN_UNINITIALIZED_AUTOS = YES_AGGRESSIVE;
				GCC_WARN_UNUSED_FUNCTION = YES;
				GCC_WARN_UNUSED_VARIABLE = YES;
				MTL_ENABLE_DEBUG_INFO = INCLUDE_SOURCE;
				MTL_FAST_MATH = YES;
				ONLY_ACTIVE_ARCH = YES;
				SWIFT_ACTIVE_COMPILATION_CONDITIONS = DEBUG;
				SWIFT_OPTIMIZATION_LEVEL = "-Onone";
			};
			name = Debug;
		};
		549D59FE2AC4C1AB00B56F3D /* Release */ = {
			isa = XCBuildConfiguration;
			buildSettings = {
				ALWAYS_SEARCH_USER_PATHS = NO;
				CLANG_ANALYZER_NONNULL = YES;
				CLANG_ANALYZER_NUMBER_OBJECT_CONVERSION = YES_AGGRESSIVE;
				CLANG_CXX_LANGUAGE_STANDARD = "gnu++20";
				CLANG_ENABLE_MODULES = YES;
				CLANG_ENABLE_OBJC_ARC = YES;
				CLANG_ENABLE_OBJC_WEAK = YES;
				CLANG_WARN_BLOCK_CAPTURE_AUTORELEASING = YES;
				CLANG_WARN_BOOL_CONVERSION = YES;
				CLANG_WARN_COMMA = YES;
				CLANG_WARN_CONSTANT_CONVERSION = YES;
				CLANG_WARN_DEPRECATED_OBJC_IMPLEMENTATIONS = YES;
				CLANG_WARN_DIRECT_OBJC_ISA_USAGE = YES_ERROR;
				CLANG_WARN_DOCUMENTATION_COMMENTS = YES;
				CLANG_WARN_EMPTY_BODY = YES;
				CLANG_WARN_ENUM_CONVERSION = YES;
				CLANG_WARN_INFINITE_RECURSION = YES;
				CLANG_WARN_INT_CONVERSION = YES;
				CLANG_WARN_NON_LITERAL_NULL_CONVERSION = YES;
				CLANG_WARN_OBJC_IMPLICIT_RETAIN_SELF = YES;
				CLANG_WARN_OBJC_LITERAL_CONVERSION = YES;
				CLANG_WARN_OBJC_ROOT_CLASS = YES_ERROR;
				CLANG_WARN_QUOTED_INCLUDE_IN_FRAMEWORK_HEADER = YES;
				CLANG_WARN_RANGE_LOOP_ANALYSIS = YES;
				CLANG_WARN_STRICT_PROTOTYPES = YES;
				CLANG_WARN_SUSPICIOUS_MOVE = YES;
				CLANG_WARN_UNGUARDED_AVAILABILITY = YES_AGGRESSIVE;
				CLANG_WARN_UNREACHABLE_CODE = YES;
				CLANG_WARN__DUPLICATE_METHOD_MATCH = YES;
				COPY_PHASE_STRIP = NO;
				DEBUG_INFORMATION_FORMAT = "dwarf-with-dsym";
				ENABLE_NS_ASSERTIONS = NO;
				ENABLE_STRICT_OBJC_MSGSEND = YES;
				GCC_C_LANGUAGE_STANDARD = gnu11;
				GCC_NO_COMMON_BLOCKS = YES;
				GCC_WARN_64_TO_32_BIT_CONVERSION = YES;
				GCC_WARN_ABOUT_RETURN_TYPE = YES_ERROR;
				GCC_WARN_UNDECLARED_SELECTOR = YES;
				GCC_WARN_UNINITIALIZED_AUTOS = YES_AGGRESSIVE;
				GCC_WARN_UNUSED_FUNCTION = YES;
				GCC_WARN_UNUSED_VARIABLE = YES;
				MTL_ENABLE_DEBUG_INFO = NO;
				MTL_FAST_MATH = YES;
				SWIFT_COMPILATION_MODE = wholemodule;
				SWIFT_OPTIMIZATION_LEVEL = "-O";
			};
			name = Release;
		};
		549D5A002AC4C1AB00B56F3D /* Debug */ = {
			isa = XCBuildConfiguration;
			buildSettings = {
				ASSETCATALOG_COMPILER_APPICON_NAME = AppIcon;
				ASSETCATALOG_COMPILER_GLOBAL_ACCENT_COLOR_NAME = AccentColor;
				CODE_SIGN_ENTITLEMENTS = Messenger/Messenger.entitlements;
				CODE_SIGN_STYLE = Automatic;
				CURRENT_PROJECT_VERSION = 1;
				DEVELOPMENT_ASSET_PATHS = "\"Messenger/Preview Content\"";
				ENABLE_PREVIEWS = YES;
				GENERATE_INFOPLIST_FILE = YES;
				"INFOPLIST_KEY_UIApplicationSceneManifest_Generation[sdk=iphoneos*]" = YES;
				"INFOPLIST_KEY_UIApplicationSceneManifest_Generation[sdk=iphonesimulator*]" = YES;
				"INFOPLIST_KEY_UIApplicationSupportsIndirectInputEvents[sdk=iphoneos*]" = YES;
				"INFOPLIST_KEY_UIApplicationSupportsIndirectInputEvents[sdk=iphonesimulator*]" = YES;
				"INFOPLIST_KEY_UILaunchScreen_Generation[sdk=iphoneos*]" = YES;
				"INFOPLIST_KEY_UILaunchScreen_Generation[sdk=iphonesimulator*]" = YES;
				"INFOPLIST_KEY_UIStatusBarStyle[sdk=iphoneos*]" = UIStatusBarStyleDefault;
				"INFOPLIST_KEY_UIStatusBarStyle[sdk=iphonesimulator*]" = UIStatusBarStyleDefault;
				INFOPLIST_KEY_UISupportedInterfaceOrientations_iPad = "UIInterfaceOrientationPortrait UIInterfaceOrientationPortraitUpsideDown UIInterfaceOrientationLandscapeLeft UIInterfaceOrientationLandscapeRight";
				INFOPLIST_KEY_UISupportedInterfaceOrientations_iPhone = "UIInterfaceOrientationPortrait UIInterfaceOrientationLandscapeLeft UIInterfaceOrientationLandscapeRight";
				IPHONEOS_DEPLOYMENT_TARGET = 16.4;
				LD_RUNPATH_SEARCH_PATHS = "@executable_path/Frameworks";
				"LD_RUNPATH_SEARCH_PATHS[sdk=macosx*]" = "@executable_path/../Frameworks";
				MACOSX_DEPLOYMENT_TARGET = 13.3;
				MARKETING_VERSION = 1.0;
				PRODUCT_BUNDLE_IDENTIFIER = com.ramdhas.Messenger;
				PRODUCT_NAME = "$(TARGET_NAME)";
				SDKROOT = auto;
				SUPPORTED_PLATFORMS = "iphoneos iphonesimulator macosx";
				SWIFT_EMIT_LOC_STRINGS = YES;
				SWIFT_VERSION = 5.0;
				TARGETED_DEVICE_FAMILY = "1,2";
			};
			name = Debug;
		};
		549D5A012AC4C1AB00B56F3D /* Release */ = {
			isa = XCBuildConfiguration;
			buildSettings = {
				ASSETCATALOG_COMPILER_APPICON_NAME = AppIcon;
				ASSETCATALOG_COMPILER_GLOBAL_ACCENT_COLOR_NAME = AccentColor;
				CODE_SIGN_ENTITLEMENTS = Messenger/Messenger.entitlements;
				CODE_SIGN_STYLE = Automatic;
				CURRENT_PROJECT_VERSION = 1;
				DEVELOPMENT_ASSET_PATHS = "\"Messenger/Preview Content\"";
				ENABLE_PREVIEWS = YES;
				GENERATE_INFOPLIST_FILE = YES;
				"INFOPLIST_KEY_UIApplicationSceneManifest_Generation[sdk=iphoneos*]" = YES;
				"INFOPLIST_KEY_UIApplicationSceneManifest_Generation[sdk=iphonesimulator*]" = YES;
				"INFOPLIST_KEY_UIApplicationSupportsIndirectInputEvents[sdk=iphoneos*]" = YES;
				"INFOPLIST_KEY_UIApplicationSupportsIndirectInputEvents[sdk=iphonesimulator*]" = YES;
				"INFOPLIST_KEY_UILaunchScreen_Generation[sdk=iphoneos*]" = YES;
				"INFOPLIST_KEY_UILaunchScreen_Generation[sdk=iphonesimulator*]" = YES;
				"INFOPLIST_KEY_UIStatusBarStyle[sdk=iphoneos*]" = UIStatusBarStyleDefault;
				"INFOPLIST_KEY_UIStatusBarStyle[sdk=iphonesimulator*]" = UIStatusBarStyleDefault;
				INFOPLIST_KEY_UISupportedInterfaceOrientations_iPad = "UIInterfaceOrientationPortrait UIInterfaceOrientationPortraitUpsideDown UIInterfaceOrientationLandscapeLeft UIInterfaceOrientationLandscapeRight";
				INFOPLIST_KEY_UISupportedInterfaceOrientations_iPhone = "UIInterfaceOrientationPortrait UIInterfaceOrientationLandscapeLeft UIInterfaceOrientationLandscapeRight";
				IPHONEOS_DEPLOYMENT_TARGET = 16.4;
				LD_RUNPATH_SEARCH_PATHS = "@executable_path/Frameworks";
				"LD_RUNPATH_SEARCH_PATHS[sdk=macosx*]" = "@executable_path/../Frameworks";
				MACOSX_DEPLOYMENT_TARGET = 13.3;
				MARKETING_VERSION = 1.0;
				PRODUCT_BUNDLE_IDENTIFIER = com.ramdhas.Messenger;
				PRODUCT_NAME = "$(TARGET_NAME)";
				SDKROOT = auto;
				SUPPORTED_PLATFORMS = "iphoneos iphonesimulator macosx";
				SWIFT_EMIT_LOC_STRINGS = YES;
				SWIFT_VERSION = 5.0;
				TARGETED_DEVICE_FAMILY = "1,2";
			};
			name = Release;
		};
/* End XCBuildConfiguration section */

/* Begin XCConfigurationList section */
		549D59EB2AC4C1AA00B56F3D /* Build configuration list for PBXProject "Messenger" */ = {
			isa = XCConfigurationList;
			buildConfigurations = (
				549D59FD2AC4C1AB00B56F3D /* Debug */,
				549D59FE2AC4C1AB00B56F3D /* Release */,
			);
			defaultConfigurationIsVisible = 0;
			defaultConfigurationName = Release;
		};
		549D59FF2AC4C1AB00B56F3D /* Build configuration list for PBXNativeTarget "Messenger" */ = {
			isa = XCConfigurationList;
			buildConfigurations = (
				549D5A002AC4C1AB00B56F3D /* Debug */,
				549D5A012AC4C1AB00B56F3D /* Release */,
			);
			defaultConfigurationIsVisible = 0;
			defaultConfigurationName = Release;
		};
/* End XCConfigurationList section */

/* Begin XCRemoteSwiftPackageReference section */
		54A37D0D2AD54D8000DAD19C /* XCRemoteSwiftPackageReference "firebase-ios-sdk" */ = {
			isa = XCRemoteSwiftPackageReference;
			repositoryURL = "https://github.com/firebase/firebase-ios-sdk";
			requirement = {
				kind = upToNextMajorVersion;
				minimumVersion = 10.16.0;
			};
		};
/* End XCRemoteSwiftPackageReference section */

/* Begin XCSwiftPackageProductDependency section */
		54A37D0E2AD54D8000DAD19C /* FirebaseAnalytics */ = {
			isa = XCSwiftPackageProductDependency;
			package = 54A37D0D2AD54D8000DAD19C /* XCRemoteSwiftPackageReference "firebase-ios-sdk" */;
			productName = FirebaseAnalytics;
		};
		54A37D102AD54D8000DAD19C /* FirebaseAnalyticsOnDeviceConversion */ = {
			isa = XCSwiftPackageProductDependency;
			package = 54A37D0D2AD54D8000DAD19C /* XCRemoteSwiftPackageReference "firebase-ios-sdk" */;
			productName = FirebaseAnalyticsOnDeviceConversion;
		};
		54A37D122AD54D8000DAD19C /* FirebaseAnalyticsSwift */ = {
			isa = XCSwiftPackageProductDependency;
			package = 54A37D0D2AD54D8000DAD19C /* XCRemoteSwiftPackageReference "firebase-ios-sdk" */;
			productName = FirebaseAnalyticsSwift;
		};
		54A37D142AD54D8000DAD19C /* FirebaseAnalyticsWithoutAdIdSupport */ = {
			isa = XCSwiftPackageProductDependency;
			package = 54A37D0D2AD54D8000DAD19C /* XCRemoteSwiftPackageReference "firebase-ios-sdk" */;
			productName = FirebaseAnalyticsWithoutAdIdSupport;
		};
		54A37D162AD54D8000DAD19C /* FirebaseAppCheck */ = {
			isa = XCSwiftPackageProductDependency;
			package = 54A37D0D2AD54D8000DAD19C /* XCRemoteSwiftPackageReference "firebase-ios-sdk" */;
			productName = FirebaseAppCheck;
		};
		54A37D182AD54D8000DAD19C /* FirebaseAppDistribution-Beta */ = {
			isa = XCSwiftPackageProductDependency;
			package = 54A37D0D2AD54D8000DAD19C /* XCRemoteSwiftPackageReference "firebase-ios-sdk" */;
			productName = "FirebaseAppDistribution-Beta";
		};
		54A37D1A2AD54D8000DAD19C /* FirebaseAuth */ = {
			isa = XCSwiftPackageProductDependency;
			package = 54A37D0D2AD54D8000DAD19C /* XCRemoteSwiftPackageReference "firebase-ios-sdk" */;
			productName = FirebaseAuth;
		};
		54A37D1C2AD54D8000DAD19C /* FirebaseAuthCombine-Community */ = {
			isa = XCSwiftPackageProductDependency;
			package = 54A37D0D2AD54D8000DAD19C /* XCRemoteSwiftPackageReference "firebase-ios-sdk" */;
			productName = "FirebaseAuthCombine-Community";
		};
		54A37D1E2AD54D8000DAD19C /* FirebaseCrashlytics */ = {
			isa = XCSwiftPackageProductDependency;
			package = 54A37D0D2AD54D8000DAD19C /* XCRemoteSwiftPackageReference "firebase-ios-sdk" */;
			productName = FirebaseCrashlytics;
		};
		54A37D202AD54D8000DAD19C /* FirebaseDatabase */ = {
			isa = XCSwiftPackageProductDependency;
			package = 54A37D0D2AD54D8000DAD19C /* XCRemoteSwiftPackageReference "firebase-ios-sdk" */;
			productName = FirebaseDatabase;
		};
		54A37D222AD54D8000DAD19C /* FirebaseDatabaseSwift */ = {
			isa = XCSwiftPackageProductDependency;
			package = 54A37D0D2AD54D8000DAD19C /* XCRemoteSwiftPackageReference "firebase-ios-sdk" */;
			productName = FirebaseDatabaseSwift;
		};
		54A37D242AD54D8000DAD19C /* FirebaseDynamicLinks */ = {
			isa = XCSwiftPackageProductDependency;
			package = 54A37D0D2AD54D8000DAD19C /* XCRemoteSwiftPackageReference "firebase-ios-sdk" */;
			productName = FirebaseDynamicLinks;
		};
		54A37D262AD54D8000DAD19C /* FirebaseFirestore */ = {
			isa = XCSwiftPackageProductDependency;
			package = 54A37D0D2AD54D8000DAD19C /* XCRemoteSwiftPackageReference "firebase-ios-sdk" */;
			productName = FirebaseFirestore;
		};
		54A37D282AD54D8000DAD19C /* FirebaseFirestoreCombine-Community */ = {
			isa = XCSwiftPackageProductDependency;
			package = 54A37D0D2AD54D8000DAD19C /* XCRemoteSwiftPackageReference "firebase-ios-sdk" */;
			productName = "FirebaseFirestoreCombine-Community";
		};
		54A37D2A2AD54D8000DAD19C /* FirebaseFirestoreSwift */ = {
			isa = XCSwiftPackageProductDependency;
			package = 54A37D0D2AD54D8000DAD19C /* XCRemoteSwiftPackageReference "firebase-ios-sdk" */;
			productName = FirebaseFirestoreSwift;
		};
		54A37D2C2AD54D8000DAD19C /* FirebaseFunctions */ = {
			isa = XCSwiftPackageProductDependency;
			package = 54A37D0D2AD54D8000DAD19C /* XCRemoteSwiftPackageReference "firebase-ios-sdk" */;
			productName = FirebaseFunctions;
		};
		54A37D2E2AD54D8000DAD19C /* FirebaseFunctionsCombine-Community */ = {
			isa = XCSwiftPackageProductDependency;
			package = 54A37D0D2AD54D8000DAD19C /* XCRemoteSwiftPackageReference "firebase-ios-sdk" */;
			productName = "FirebaseFunctionsCombine-Community";
		};
		54A37D302AD54D8000DAD19C /* FirebaseInAppMessaging-Beta */ = {
			isa = XCSwiftPackageProductDependency;
			package = 54A37D0D2AD54D8000DAD19C /* XCRemoteSwiftPackageReference "firebase-ios-sdk" */;
			productName = "FirebaseInAppMessaging-Beta";
		};
		54A37D322AD54D8000DAD19C /* FirebaseInAppMessagingSwift-Beta */ = {
			isa = XCSwiftPackageProductDependency;
			package = 54A37D0D2AD54D8000DAD19C /* XCRemoteSwiftPackageReference "firebase-ios-sdk" */;
			productName = "FirebaseInAppMessagingSwift-Beta";
		};
		54A37D342AD54D8000DAD19C /* FirebaseInstallations */ = {
			isa = XCSwiftPackageProductDependency;
			package = 54A37D0D2AD54D8000DAD19C /* XCRemoteSwiftPackageReference "firebase-ios-sdk" */;
			productName = FirebaseInstallations;
		};
		54A37D362AD54D8000DAD19C /* FirebaseMLModelDownloader */ = {
			isa = XCSwiftPackageProductDependency;
			package = 54A37D0D2AD54D8000DAD19C /* XCRemoteSwiftPackageReference "firebase-ios-sdk" */;
			productName = FirebaseMLModelDownloader;
		};
		54A37D382AD54D8000DAD19C /* FirebaseMessaging */ = {
			isa = XCSwiftPackageProductDependency;
			package = 54A37D0D2AD54D8000DAD19C /* XCRemoteSwiftPackageReference "firebase-ios-sdk" */;
			productName = FirebaseMessaging;
		};
		54A37D3A2AD54D8000DAD19C /* FirebasePerformance */ = {
			isa = XCSwiftPackageProductDependency;
			package = 54A37D0D2AD54D8000DAD19C /* XCRemoteSwiftPackageReference "firebase-ios-sdk" */;
			productName = FirebasePerformance;
		};
		54A37D3C2AD54D8000DAD19C /* FirebaseRemoteConfig */ = {
			isa = XCSwiftPackageProductDependency;
			package = 54A37D0D2AD54D8000DAD19C /* XCRemoteSwiftPackageReference "firebase-ios-sdk" */;
			productName = FirebaseRemoteConfig;
		};
		54A37D3E2AD54D8000DAD19C /* FirebaseRemoteConfigSwift */ = {
			isa = XCSwiftPackageProductDependency;
			package = 54A37D0D2AD54D8000DAD19C /* XCRemoteSwiftPackageReference "firebase-ios-sdk" */;
			productName = FirebaseRemoteConfigSwift;
		};
		54A37D402AD54D8000DAD19C /* FirebaseStorage */ = {
			isa = XCSwiftPackageProductDependency;
			package = 54A37D0D2AD54D8000DAD19C /* XCRemoteSwiftPackageReference "firebase-ios-sdk" */;
			productName = FirebaseStorage;
		};
		54A37D422AD54D8000DAD19C /* FirebaseStorageCombine-Community */ = {
			isa = XCSwiftPackageProductDependency;
			package = 54A37D0D2AD54D8000DAD19C /* XCRemoteSwiftPackageReference "firebase-ios-sdk" */;
			productName = "FirebaseStorageCombine-Community";
		};
/* End XCSwiftPackageProductDependency section */
	};
	rootObject = 549D59E82AC4C1AA00B56F3D /* Project object */;
}
